
Microsoft Visual Studio Solution File, Format Version 12.00
# Visual Studio Version 16
VisualStudioVersion = 16.0.29102.190
MinimumVisualStudioVersion = 10.0.40219.1
Project("{FAE04EC0-301F-11D3-BF4B-00C04F79EFBC}") = "IdentityAPI", "IdentityAPI\IdentityAPI.csproj", "{95CCAC7E-E23F-4E57-9BA3-BB659B0D5D90}"
EndProject
Global
	GlobalSection(SolutionConfigurationPlatforms) = preSolution
		Debug|Any CPU = Debug|Any CPU
		Release|Any CPU = Release|Any CPU
	EndGlobalSection
	GlobalSection(ProjectConfigurationPlatforms) = postSolution
		{95CCAC7E-E23F-4E57-9BA3-BB659B0D5D90}.Debug|Any CPU.ActiveCfg = Debug|Any CPU
		{95CCAC7E-E23F-4E57-9BA3-BB659B0D5D90}.Debug|Any CPU.Build.0 = Debug|Any CPU
		{95CCAC7E-E23F-4E57-9BA3-BB659B0D5D90}.Release|Any CPU.ActiveCfg = Release|Any CPU
		{95CCAC7E-E23F-4E57-9BA3-BB659B0D5D90}.Release|Any CPU.Build.0 = Release|Any CPU
	EndGlobalSection
	GlobalSection(SolutionProperties) = preSolution
		HideSolutionNode = FALSE
	EndGlobalSection
	GlobalSection(ExtensibilityGlobals) = postSolution
		SolutionGuid = {0B52BA40-44AB-486A-8DC4-108462ABA4BB}
	EndGlobalSection
EndGlobal
